
Microsoft Visual Studio Solution File, Format Version 12.00
# Visual Studio Version 17
VisualStudioVersion = 17.3.32929.385
MinimumVisualStudioVersion = 10.0.40219.1
Project("{8BC9CEB8-8B4A-11D0-8D11-00A0C91BC942}") = "Project1", "Project1.vcxproj", "{ECBCAAFB-9988-48C0-A471-045F15291F88}"
EndProject
Global
	GlobalSection(SolutionConfigurationPlatforms) = preSolution
		Debug|x64 = Debug|x64
		Debug|x86 = Debug|x86
		Release|x64 = Release|x64
		Release|x86 = Release|x86
	EndGlobalSection
	GlobalSection(ProjectConfigurationPlatforms) = postSolution
		{ECBCAAFB-9988-48C0-A471-045F15291F88}.Debug|x64.ActiveCfg = Debug|x64
		{ECBCAAFB-9988-48C0-A471-045F15291F88}.Debug|x64.Build.0 = Debug|x64
		{ECBCAAFB-9988-48C0-A471-045F15291F88}.Debug|x86.ActiveCfg = Debug|Win32
		{ECBCAAFB-9988-48C0-A471-045F15291F88}.Debug|x86.Build.0 = Debug|Win32
		{ECBCAAFB-9988-48C0-A471-045F15291F88}.Release|x64.ActiveCfg = Release|x64
		{ECBCAAFB-9988-48C0-A471-045F15291F88}.Release|x64.Build.0 = Release|x64
		{ECBCAAFB-9988-48C0-A471-045F15291F88}.Release|x86.ActiveCfg = Release|Win32
		{ECBCAAFB-9988-48C0-A471-045F15291F88}.Release|x86.Build.0 = Release|Win32
	EndGlobalSection
	GlobalSection(SolutionProperties) = preSolution
		HideSolutionNode = FALSE
	EndGlobalSection
	GlobalSection(ExtensibilityGlobals) = postSolution
		SolutionGuid = {22BC4EBF-1851-42DD-8544-204B10D59804}
	EndGlobalSection
EndGlobal
