
Microsoft Visual Studio Solution File, Format Version 12.00
# Visual Studio Version 17
VisualStudioVersion = 17.3.32929.385
MinimumVisualStudioVersion = 10.0.40219.1
Project("{8BC9CEB8-8B4A-11D0-8D11-00A0C91BC942}") = "Nuovo", "Nuovo.vcxproj", "{48DA772E-85CF-46AC-9969-847818BAC84B}"
EndProject
Global
	GlobalSection(SolutionConfigurationPlatforms) = preSolution
		Debug|x64 = Debug|x64
		Debug|x86 = Debug|x86
		Release|x64 = Release|x64
		Release|x86 = Release|x86
	EndGlobalSection
	GlobalSection(ProjectConfigurationPlatforms) = postSolution
		{48DA772E-85CF-46AC-9969-847818BAC84B}.Debug|x64.ActiveCfg = Debug|x64
		{48DA772E-85CF-46AC-9969-847818BAC84B}.Debug|x64.Build.0 = Debug|x64
		{48DA772E-85CF-46AC-9969-847818BAC84B}.Debug|x86.ActiveCfg = Debug|Win32
		{48DA772E-85CF-46AC-9969-847818BAC84B}.Debug|x86.Build.0 = Debug|Win32
		{48DA772E-85CF-46AC-9969-847818BAC84B}.Release|x64.ActiveCfg = Release|x64
		{48DA772E-85CF-46AC-9969-847818BAC84B}.Release|x64.Build.0 = Release|x64
		{48DA772E-85CF-46AC-9969-847818BAC84B}.Release|x86.ActiveCfg = Release|Win32
		{48DA772E-85CF-46AC-9969-847818BAC84B}.Release|x86.Build.0 = Release|Win32
	EndGlobalSection
	GlobalSection(SolutionProperties) = preSolution
		HideSolutionNode = FALSE
	EndGlobalSection
	GlobalSection(ExtensibilityGlobals) = postSolution
		SolutionGuid = {A86F989C-ED55-41C0-9081-34DE012E5655}
	EndGlobalSection
EndGlobal
